
Microsoft Visual Studio Solution File, Format Version 12.00
# Visual Studio 15
VisualStudioVersion = 15.0.27428.2015
MinimumVisualStudioVersion = 10.0.40219.1
Project("{FAE04EC0-301F-11D3-BF4B-00C04F79EFBC}") = "YoloDevMCVE", "YoloDevMCVE\YoloDevMCVE.csproj", "{356133D3-B203-4D1A-9E88-6CDF51715668}"
EndProject
Project("{F2A71F9B-5D33-465A-A702-920D77279786}") = "FSharpProj", "FSharpProj\FSharpProj.fsproj", "{0A6B6F65-78AC-4ABF-B847-193F4F704911}"
EndProject
Global
	GlobalSection(SolutionConfigurationPlatforms) = preSolution
		Debug|Any CPU = Debug|Any CPU
		Release|Any CPU = Release|Any CPU
	EndGlobalSection
	GlobalSection(ProjectConfigurationPlatforms) = postSolution
		{356133D3-B203-4D1A-9E88-6CDF51715668}.Debug|Any CPU.ActiveCfg = Debug|Any CPU
		{356133D3-B203-4D1A-9E88-6CDF51715668}.Debug|Any CPU.Build.0 = Debug|Any CPU
		{356133D3-B203-4D1A-9E88-6CDF51715668}.Release|Any CPU.ActiveCfg = Release|Any CPU
		{356133D3-B203-4D1A-9E88-6CDF51715668}.Release|Any CPU.Build.0 = Release|Any CPU
		{0A6B6F65-78AC-4ABF-B847-193F4F704911}.Debug|Any CPU.ActiveCfg = Debug|Any CPU
		{0A6B6F65-78AC-4ABF-B847-193F4F704911}.Debug|Any CPU.Build.0 = Debug|Any CPU
		{0A6B6F65-78AC-4ABF-B847-193F4F704911}.Release|Any CPU.ActiveCfg = Release|Any CPU
		{0A6B6F65-78AC-4ABF-B847-193F4F704911}.Release|Any CPU.Build.0 = Release|Any CPU
	EndGlobalSection
	GlobalSection(SolutionProperties) = preSolution
		HideSolutionNode = FALSE
	EndGlobalSection
	GlobalSection(ExtensibilityGlobals) = postSolution
		SolutionGuid = {4EC4F52C-F40D-4051-84FA-A2F74A500604}
	EndGlobalSection
EndGlobal
